Microsoft Visual Studio Solution File, Format Version 12.00
# Visual Studio 2012
Project("{FAE04EC0-301F-11D3-BF4B-00C04F79EFBC}") = "OctreeSplatting", "OctreeSplatting.csproj", "{F4BE88FF-4741-4D36-BDA9-7C538A145163}"
EndProject
Global
	GlobalSection(SolutionConfigurationPlatforms) = preSolution
	Debug|Any CPU = Debug|Any CPU
	ExportDebug|Any CPU = ExportDebug|Any CPU
	ExportRelease|Any CPU = ExportRelease|Any CPU
	EndGlobalSection
	GlobalSection(ProjectConfigurationPlatforms) = postSolution
		{F4BE88FF-4741-4D36-BDA9-7C538A145163}.Debug|Any CPU.ActiveCfg = Debug|Any CPU
		{F4BE88FF-4741-4D36-BDA9-7C538A145163}.Debug|Any CPU.Build.0 = Debug|Any CPU
		{F4BE88FF-4741-4D36-BDA9-7C538A145163}.ExportDebug|Any CPU.ActiveCfg = ExportDebug|Any CPU
		{F4BE88FF-4741-4D36-BDA9-7C538A145163}.ExportDebug|Any CPU.Build.0 = ExportDebug|Any CPU
		{F4BE88FF-4741-4D36-BDA9-7C538A145163}.ExportRelease|Any CPU.ActiveCfg = ExportRelease|Any CPU
		{F4BE88FF-4741-4D36-BDA9-7C538A145163}.ExportRelease|Any CPU.Build.0 = ExportRelease|Any CPU
	EndGlobalSection
EndGlobal
